
Microsoft Visual Studio Solution File, Format Version 12.00
# Visual Studio 15
Project("{FAE04EC0-301F-11D3-BF4B-00C04F79EFBC}") = "Assembly-CSharp", "Assembly-CSharp.csproj", "{EAB1B5C3-A6F0-D4DB-7279-5CC8645DDA94}"
EndProject
Project("{FAE04EC0-301F-11D3-BF4B-00C04F79EFBC}") = "Assembly-CSharp-Editor", "Assembly-CSharp-Editor.csproj", "{C2412DA1-CB4A-B85C-3C65-1C1321B639F5}"
EndProject
Global
	GlobalSection(SolutionConfigurationPlatforms) = preSolution
		Debug|Any CPU = Debug|Any CPU
		Release|Any CPU = Release|Any CPU
	EndGlobalSection
	GlobalSection(ProjectConfigurationPlatforms) = postSolution
		{EAB1B5C3-A6F0-D4DB-7279-5CC8645DDA94}.Debug|Any CPU.ActiveCfg = Debug|Any CPU
		{EAB1B5C3-A6F0-D4DB-7279-5CC8645DDA94}.Debug|Any CPU.Build.0 = Debug|Any CPU
		{EAB1B5C3-A6F0-D4DB-7279-5CC8645DDA94}.Release|Any CPU.ActiveCfg = Release|Any CPU
		{EAB1B5C3-A6F0-D4DB-7279-5CC8645DDA94}.Release|Any CPU.Build.0 = Release|Any CPU
		{C2412DA1-CB4A-B85C-3C65-1C1321B639F5}.Debug|Any CPU.ActiveCfg = Debug|Any CPU
		{C2412DA1-CB4A-B85C-3C65-1C1321B639F5}.Debug|Any CPU.Build.0 = Debug|Any CPU
		{C2412DA1-CB4A-B85C-3C65-1C1321B639F5}.Release|Any CPU.ActiveCfg = Release|Any CPU
		{C2412DA1-CB4A-B85C-3C65-1C1321B639F5}.Release|Any CPU.Build.0 = Release|Any CPU
	EndGlobalSection
	GlobalSection(SolutionProperties) = preSolution
		HideSolutionNode = FALSE
	EndGlobalSection
EndGlobal
